
Microsoft Visual Studio Solution File, Format Version 12.00
# Visual Studio Version 17
VisualStudioVersion = 17.0.31903.59
MinimumVisualStudioVersion = 10.0.40219.1
Project("{9A19103F-16F7-4668-BE54-9A1E7A4F7556}") = "Sample", "Sample.csproj", "{FAA89BEE-DE7D-4C0A-8FDF-DFBEED5D815D}"
EndProject
Global
	GlobalSection(SolutionConfigurationPlatforms) = preSolution
		Debug|Any CPU = Debug|Any CPU
		Release|Any CPU = Release|Any CPU
	EndGlobalSection
	GlobalSection(ProjectConfigurationPlatforms) = postSolution
		{FAA89BEE-DE7D-4C0A-8FDF-DFBEED5D815D}.Debug|Any CPU.ActiveCfg = Debug|Any CPU
		{FAA89BEE-DE7D-4C0A-8FDF-DFBEED5D815D}.Debug|Any CPU.Build.0 = Debug|Any CPU
		{FAA89BEE-DE7D-4C0A-8FDF-DFBEED5D815D}.Release|Any CPU.ActiveCfg = Release|Any CPU
		{FAA89BEE-DE7D-4C0A-8FDF-DFBEED5D815D}.Release|Any CPU.Build.0 = Release|Any CPU
	EndGlobalSection
	GlobalSection(SolutionProperties) = preSolution
		HideSolutionNode = FALSE
	EndGlobalSection
	GlobalSection(ExtensibilityGlobals) = postSolution
		SolutionGuid = {EB2242D1-EB92-4895-B3C4-ED660CAE002C}
	EndGlobalSection
EndGlobal
